
Microsoft Visual Studio Solution File, Format Version 12.00
# Visual Studio 15
Project("{FAE04EC0-301F-11D3-BF4B-00C04F79EFBC}") = "NetCore.Data.Access", "NetCore.Data.Access\NetCore.Data.Access.csproj", "{69D20046-410C-438A-98A7-B2C1FFEFF432}"
EndProject
Project("{FAE04EC0-301F-11D3-BF4B-00C04F79EFBC}") = "NetCore.Business.Logic", "NetCore.Business.Logic\NetCore.Business.Logic.csproj", "{5D433FF7-B30C-4486-995C-6C602BC8DDF8}"
EndProject
Project("{FAE04EC0-301F-11D3-BF4B-00C04F79EFBC}") = "NetCore.Contracts", "NetCore.Contracts\NetCore.Contracts.csproj", "{944635EB-8F14-4799-B7A3-36C8ECF6B97A}"
EndProject
Project("{FAE04EC0-301F-11D3-BF4B-00C04F79EFBC}") = "NetCore.API", "NetCore.API\NetCore.API.csproj", "{36DFCC8C-4D7B-4E4C-B43E-6C59E6E0BE41}"
EndProject
Project("{FAE04EC0-301F-11D3-BF4B-00C04F79EFBC}") = "NetCore.Services.Logger", "NetCore.Services.Logger\NetCore.Services.Logger.csproj", "{088471F9-B735-4470-80AB-038DF54D369D}"
EndProject
Global
	GlobalSection(SolutionConfigurationPlatforms) = preSolution
		Debug|Any CPU = Debug|Any CPU
		Release|Any CPU = Release|Any CPU
	EndGlobalSection
	GlobalSection(ProjectConfigurationPlatforms) = postSolution
		{69D20046-410C-438A-98A7-B2C1FFEFF432}.Debug|Any CPU.ActiveCfg = Debug|Any CPU
		{69D20046-410C-438A-98A7-B2C1FFEFF432}.Debug|Any CPU.Build.0 = Debug|Any CPU
		{69D20046-410C-438A-98A7-B2C1FFEFF432}.Release|Any CPU.ActiveCfg = Release|Any CPU
		{69D20046-410C-438A-98A7-B2C1FFEFF432}.Release|Any CPU.Build.0 = Release|Any CPU
		{5D433FF7-B30C-4486-995C-6C602BC8DDF8}.Debug|Any CPU.ActiveCfg = Debug|Any CPU
		{5D433FF7-B30C-4486-995C-6C602BC8DDF8}.Debug|Any CPU.Build.0 = Debug|Any CPU
		{5D433FF7-B30C-4486-995C-6C602BC8DDF8}.Release|Any CPU.ActiveCfg = Release|Any CPU
		{5D433FF7-B30C-4486-995C-6C602BC8DDF8}.Release|Any CPU.Build.0 = Release|Any CPU
		{944635EB-8F14-4799-B7A3-36C8ECF6B97A}.Debug|Any CPU.ActiveCfg = Debug|Any CPU
		{944635EB-8F14-4799-B7A3-36C8ECF6B97A}.Debug|Any CPU.Build.0 = Debug|Any CPU
		{944635EB-8F14-4799-B7A3-36C8ECF6B97A}.Release|Any CPU.ActiveCfg = Release|Any CPU
		{944635EB-8F14-4799-B7A3-36C8ECF6B97A}.Release|Any CPU.Build.0 = Release|Any CPU
		{36DFCC8C-4D7B-4E4C-B43E-6C59E6E0BE41}.Debug|Any CPU.ActiveCfg = Debug|Any CPU
		{36DFCC8C-4D7B-4E4C-B43E-6C59E6E0BE41}.Debug|Any CPU.Build.0 = Debug|Any CPU
		{36DFCC8C-4D7B-4E4C-B43E-6C59E6E0BE41}.Release|Any CPU.ActiveCfg = Release|Any CPU
		{36DFCC8C-4D7B-4E4C-B43E-6C59E6E0BE41}.Release|Any CPU.Build.0 = Release|Any CPU
		{088471F9-B735-4470-80AB-038DF54D369D}.Debug|Any CPU.ActiveCfg = Debug|Any CPU
		{088471F9-B735-4470-80AB-038DF54D369D}.Debug|Any CPU.Build.0 = Debug|Any CPU
		{088471F9-B735-4470-80AB-038DF54D369D}.Release|Any CPU.ActiveCfg = Release|Any CPU
		{088471F9-B735-4470-80AB-038DF54D369D}.Release|Any CPU.Build.0 = Release|Any CPU
	EndGlobalSection
EndGlobal
